<?xml version="1.0" encoding="utf-8"?>
<Project ToolsVersion="4.0" xmlns="http://schemas.microsoft.com/developer/msbuild/2003">
  <ItemGroup>
    <Filter Include="Source Files">
      <UniqueIdentifier>{4FC737F1-C7A5-4376-A066-2A32D752A2FF}</UniqueIdentifier>
      <Extensions>cpp;c;cc;cxx;def;odl;idl;hpj;bat;asm;asmx</Extensions>
    </Filter>
    <Filter Include="Resource Files">
      <UniqueIdentifier>{67DA6AB6-F800-4c08-8B7A-83BB121AAD01}</UniqueIdentifier>
      <Extensions>rc;ico;cur;bmp;dlg;rc2;rct;bin;rgs;gif;jpg;jpeg;jpe;resx;tiff;tif;png;wav;mfcribbon-ms</Extensions>
    </Filter>
    <Filter Include="Base">
      <UniqueIdentifier>{25d1b18c-5641-41c7-a674-31f4ea5338da}</UniqueIdentifier>
    </Filter>
  </ItemGroup>
  <ItemGroup>
    <Text Include="ReadMe.txt" />
  </ItemGroup>
  <ItemGroup>
    <ClInclude Include="BaseVideo.h">
      <Filter>Base</Filter>
    </ClInclude>
    <ClInclude Include="BaseAudio.h">
      <Filter>Base</Filter>
    </ClInclude>
    <ClInclude Include="OpenGLVideo.h">
      <Filter>Source Files</Filter>
    </ClInclude>
    <ClInclude Include="OpenALAudio.h">
      <Filter>Source Files</Filter>
    </ClInclude>
    <ClInclude Include="GDIVideo.h">
      <Filter>Source Files</Filter>
    </ClInclude>
    <ClInclude Include="YMediaDecode.h">
      <Filter>Source Files</Filter>
    </ClInclude>
    <ClInclude Include="YMediaPlayer.h">
      <Filter>Source Files</Filter>
    </ClInclude>
    <ClInclude Include="ThreadSafe_Queue.h">
      <Filter>Source Files</Filter>
    </ClInclude>
  </ItemGroup>
  <ItemGroup>
    <ClCompile Include="YMediaPlayer.cpp">
      <Filter>Source Files</Filter>
    </ClCompile>
    <ClCompile Include="YMediaDecode.cpp">
      <Filter>Source Files</Filter>
    </ClCompile>
    <ClCompile Include="main.cpp">
      <Filter>Source Files</Filter>
    </ClCompile>
    <ClCompile Include="OpenALAudio.cpp">
      <Filter>Source Files</Filter>
    </ClCompile>
    <ClCompile Include="OpenGLVideo.cpp">
      <Filter>Source Files</Filter>
    </ClCompile>
    <ClCompile Include="GDIVideo.cpp">
      <Filter>Source Files</Filter>
    </ClCompile>
  </ItemGroup>
</Project>