<?xml version="1.0" encoding="utf-8"?>
<Project ToolsVersion="4.0" xmlns="http://schemas.microsoft.com/developer/msbuild/2003">
  <ItemGroup>
    <Filter Include="Source Files">
      <UniqueIdentifier>{4FC737F1-C7A5-4376-A066-2A32D752A2FF}</UniqueIdentifier>
      <Extensions>cpp;c;cc;cxx;def;odl;idl;hpj;bat;asm;asmx</Extensions>
    </Filter>
    <Filter Include="Source Files\utils">
      <UniqueIdentifier>{d7c883a2-72fb-43e5-8c1c-da81426dd9a0}</UniqueIdentifier>
    </Filter>
  </ItemGroup>
  <ItemGroup>
    <ClInclude Include="targetver.h">
      <Filter>Source Files</Filter>
    </ClInclude>
    <ClInclude Include="Resource.h">
      <Filter>Source Files</Filter>
    </ClInclude>
    <ClInclude Include="SimpleClient.h">
      <Filter>Source Files</Filter>
    </ClInclude>
    <ClInclude Include="stdafx.h">
      <Filter>Source Files</Filter>
    </ClInclude>
    <ClInclude Include="YBaseWindow.h">
      <Filter>Source Files</Filter>
    </ClInclude>
    <ClInclude Include="MainWindow.h">
      <Filter>Source Files</Filter>
    </ClInclude>
    <ClInclude Include="MainWindowCtl.h">
      <Filter>Source Files</Filter>
    </ClInclude>
    <ClInclude Include="MainMgr.h">
      <Filter>Source Files</Filter>
    </ClInclude>
    <ClInclude Include="utils\utils_str.h">
      <Filter>Source Files\utils</Filter>
    </ClInclude>
    <ClInclude Include="LabelVideo.h">
      <Filter>Source Files</Filter>
    </ClInclude>
    <ClInclude Include="DerMainSlider.h">
      <Filter>Source Files</Filter>
    </ClInclude>
  </ItemGroup>
  <ItemGroup>
    <ClCompile Include="stdafx.cpp">
      <Filter>Source Files</Filter>
    </ClCompile>
    <ClCompile Include="SimpleClient.cpp">
      <Filter>Source Files</Filter>
    </ClCompile>
    <ClCompile Include="YBaseWindow.cpp">
      <Filter>Source Files</Filter>
    </ClCompile>
    <ClCompile Include="MainWindow.cpp">
      <Filter>Source Files</Filter>
    </ClCompile>
    <ClCompile Include="MainWindowCtl.cpp">
      <Filter>Source Files</Filter>
    </ClCompile>
    <ClCompile Include="MainMgr.cpp">
      <Filter>Source Files</Filter>
    </ClCompile>
    <ClCompile Include="utils\utils_str.cpp">
      <Filter>Source Files\utils</Filter>
    </ClCompile>
    <ClCompile Include="LabelVideo.cpp">
      <Filter>Source Files</Filter>
    </ClCompile>
    <ClCompile Include="DerMainSlider.cpp">
      <Filter>Source Files</Filter>
    </ClCompile>
  </ItemGroup>
  <ItemGroup>
    <Image Include="small.ico">
      <Filter>Source Files</Filter>
    </Image>
    <Image Include="SimpleClient.ico">
      <Filter>Source Files</Filter>
    </Image>
  </ItemGroup>
  <ItemGroup>
    <ResourceCompile Include="SimpleClient.rc">
      <Filter>Source Files</Filter>
    </ResourceCompile>
  </ItemGroup>
</Project>